// !$*UTF8*$!
{
	archiveVersion = 1;
	classes = {
	};
	objectVersion = 50;
	objects = {

/* Begin PBXBuildFile section */
		3C16C0BD24D0521D00111E62 /* AppDelegate.swift in Sources */ = {isa = PBXBuildFile; fileRef = 3C16C0BC24D0521D00111E62 /* AppDelegate.swift */; };
		3C16C0BF24D0521D00111E62 /* SceneDelegate.swift in Sources */ = {isa = PBXBuildFile; fileRef = 3C16C0BE24D0521D00111E62 /* SceneDelegate.swift */; };
		3C16C0C224D0521D00111E62 /* ImagePickerTest.xcdatamodeld in Sources */ = {isa = PBXBuildFile; fileRef = 3C16C0C024D0521D00111E62 /* ImagePickerTest.xcdatamodeld */; };
		3C16C0C424D0521D00111E62 /* ContentView.swift in Sources */ = {isa = PBXBuildFile; fileRef = 3C16C0C324D0521D00111E62 /* ContentView.swift */; };
		3C16C0C624D0521F00111E62 /* Assets.xcassets in Resources */ = {isa = PBXBuildFile; fileRef = 3C16C0C524D0521F00111E62 /* Assets.xcassets */; };
		3C16C0C924D0521F00111E62 /* Preview Assets.xcassets in Resources */ = {isa = PBXBuildFile; fileRef = 3C16C0C824D0521F00111E62 /* Preview Assets.xcassets */; };
		3C16C0CC24D0521F00111E62 /* LaunchScreen.storyboard in Resources */ = {isa = PBXBuildFile; fileRef = 3C16C0CA24D0521F00111E62 /* LaunchScreen.storyboard */; };
		3C16C0D524D0531000111E62 /* ImagePicker.swift in Sources */ = {isa = PBXBuildFile; fileRef = 3C16C0D424D0531000111E62 /* ImagePicker.swift */; };
		3C16C0D724D05BEE00111E62 /* ContactPicker.swift in Sources */ = {isa = PBXBuildFile; fileRef = 3C16C0D624D05BEE00111E62 /* ContactPicker.swift */; };
/* End PBXBuildFile section */

/* Begin PBXFileReference section */
		3C16C0B924D0521D00111E62 /* ImagePickerTest.app */ = {isa = PBXFileReference; explicitFileType = wrapper.application; includeInIndex = 0; path = ImagePickerTest.app; sourceTree = BUILT_PRODUCTS_DIR; };
		3C16C0BC24D0521D00111E62 /* AppDelegate.swift */ = {isa = PBXFileReference; lastKnownFileType = sourcecode.swift; path = AppDelegate.swift; sourceTree = "<group>"; };
		3C16C0BE24D0521D00111E62 /* SceneDelegate.swift */ = {isa = PBXFileReference; lastKnownFileType = sourcecode.swift; path = SceneDelegate.swift; sourceTree = "<group>"; };
		3C16C0C124D0521D00111E62 /* ImagePickerTest.xcdatamodel */ = {isa = PBXFileReference; lastKnownFileType = wrapper.xcdatamodel; path = ImagePickerTest.xcdatamodel; sourceTree = "<group>"; };
		3C16C0C324D0521D00111E62 /* ContentView.swift */ = {isa = PBXFileReference; lastKnownFileType = sourcecode.swift; path = ContentView.swift; sourceTree = "<group>"; };
		3C16C0C524D0521F00111E62 /* Assets.xcassets */ = {isa = PBXFileReference; lastKnownFileType = folder.assetcatalog; path = Assets.xcassets; sourceTree = "<group>"; };
		3C16C0C824D0521F00111E62 /* Preview Assets.xcassets */ = {isa = PBXFileReference; lastKnownFileType = folder.assetcatalog; path = "Preview Assets.xcassets"; sourceTree = "<group>"; };
		3C16C0CB24D0521F00111E62 /* Base */ = {isa = PBXFileReference; lastKnownFileType = file.storyboard; name = Base; path = Base.lproj/LaunchScreen.storyboard; sourceTree = "<group>"; };
		3C16C0CD24D0521F00111E62 /* Info.plist */ = {isa = PBXFileReference; lastKnownFileType = text.plist.xml; path = Info.plist; sourceTree = "<group>"; };
		3C16C0D424D0531000111E62 /* ImagePicker.swift */ = {isa = PBXFileReference; lastKnownFileType = sourcecode.swift; path = ImagePicker.swift; sourceTree = "<group>"; };
		3C16C0D624D05BEE00111E62 /* ContactPicker.swift */ = {isa = PBXFileReference; lastKnownFileType = sourcecode.swift; path = ContactPicker.swift; sourceTree = "<group>"; };
/* End PBXFileReference section */

/* Begin PBXFrameworksBuildPhase section */
		3C16C0B624D0521D00111E62 /* Frameworks */ = {
			isa = PBXFrameworksBuildPhase;
			buildActionMask = 2147483647;
			files = (
			);
			runOnlyForDeploymentPostprocessing = 0;
		};
/* End PBXFrameworksBuildPhase section */

/* Begin PBXGroup section */
		3C16C0B024D0521D00111E62 = {
			isa = PBXGroup;
			children = (
				3C16C0BB24D0521D00111E62 /* ImagePickerTest */,
				3C16C0BA24D0521D00111E62 /* Products */,
			);
			sourceTree = "<group>";
		};
		3C16C0BA24D0521D00111E62 /* Products */ = {
			isa = PBXGroup;
			children = (
				3C16C0B924D0521D00111E62 /* ImagePickerTest.app */,
			);
			name = Products;
			sourceTree = "<group>";
		};
		3C16C0BB24D0521D00111E62 /* ImagePickerTest */ = {
			isa = PBXGroup;
			children = (
				3C16C0D324D052FB00111E62 /* Pickers */,
				3C16C0BC24D0521D00111E62 /* AppDelegate.swift */,
				3C16C0BE24D0521D00111E62 /* SceneDelegate.swift */,
				3C16C0C324D0521D00111E62 /* ContentView.swift */,
				3C16C0C524D0521F00111E62 /* Assets.xcassets */,
				3C16C0CA24D0521F00111E62 /* LaunchScreen.storyboard */,
				3C16C0CD24D0521F00111E62 /* Info.plist */,
				3C16C0C024D0521D00111E62 /* ImagePickerTest.xcdatamodeld */,
				3C16C0C724D0521F00111E62 /* Preview Content */,
			);
			path = ImagePickerTest;
			sourceTree = "<group>";
		};
		3C16C0C724D0521F00111E62 /* Preview Content */ = {
			isa = PBXGroup;
			children = (
				3C16C0C824D0521F00111E62 /* Preview Assets.xcassets */,
			);
			path = "Preview Content";
			sourceTree = "<group>";
		};
		3C16C0D324D052FB00111E62 /* Pickers */ = {
			isa = PBXGroup;
			children = (
				3C16C0D424D0531000111E62 /* ImagePicker.swift */,
				3C16C0D624D05BEE00111E62 /* ContactPicker.swift */,
			);
			path = Pickers;
			sourceTree = "<group>";
		};
/* End PBXGroup section */

/* Begin PBXNativeTarget section */
		3C16C0B824D0521D00111E62 /* ImagePickerTest */ = {
			isa = PBXNativeTarget;
			buildConfigurationList = 3C16C0D024D0521F00111E62 /* Build configuration list for PBXNativeTarget "ImagePickerTest" */;
			buildPhases = (
				3C16C0B524D0521D00111E62 /* Sources */,
				3C16C0B624D0521D00111E62 /* Frameworks */,
				3C16C0B724D0521D00111E62 /* Resources */,
			);
			buildRules = (
			);
			dependencies = (
			);
			name = ImagePickerTest;
			productName = ImagePickerTest;
			productReference = 3C16C0B924D0521D00111E62 /* ImagePickerTest.app */;
			productType = "com.apple.product-type.application";
		};
/* End PBXNativeTarget section */

/* Begin PBXProject section */
		3C16C0B124D0521D00111E62 /* Project object */ = {
			isa = PBXProject;
			attributes = {
				LastSwiftUpdateCheck = 1150;
				LastUpgradeCheck = 1150;
				ORGANIZATIONNAME = "Saven Developers Office";
				TargetAttributes = {
					3C16C0B824D0521D00111E62 = {
						CreatedOnToolsVersion = 11.5;
					};
				};
			};
			buildConfigurationList = 3C16C0B424D0521D00111E62 /* Build configuration list for PBXProject "ImagePickerTest" */;
			compatibilityVersion = "Xcode 9.3";
			developmentRegion = en;
			hasScannedForEncodings = 0;
			knownRegions = (
				en,
				Base,
			);
			mainGroup = 3C16C0B024D0521D00111E62;
			productRefGroup = 3C16C0BA24D0521D00111E62 /* Products */;
			projectDirPath = "";
			projectRoot = "";
			targets = (
				3C16C0B824D0521D00111E62 /* ImagePickerTest */,
			);
		};
/* End PBXProject section */

/* Begin PBXResourcesBuildPhase section */
		3C16C0B724D0521D00111E62 /* Resources */ = {
			isa = PBXResourcesBuildPhase;
			buildActionMask = 2147483647;
			files = (
				3C16C0CC24D0521F00111E62 /* LaunchScreen.storyboard in Resources */,
				3C16C0C924D0521F00111E62 /* Preview Assets.xcassets in Resources */,
				3C16C0C624D0521F00111E62 /* Assets.xcassets in Resources */,
			);
			runOnlyForDeploymentPostprocessing = 0;
		};
/* End PBXResourcesBuildPhase section */

/* Begin PBXSourcesBuildPhase section */
		3C16C0B524D0521D00111E62 /* Sources */ = {
			isa = PBXSourcesBuildPhase;
			buildActionMask = 2147483647;
			files = (
				3C16C0BD24D0521D00111E62 /* AppDelegate.swift in Sources */,
				3C16C0BF24D0521D00111E62 /* SceneDelegate.swift in Sources */,
				3C16C0D524D0531000111E62 /* ImagePicker.swift in Sources */,
				3C16C0C424D0521D00111E62 /* ContentView.swift in Sources */,
				3C16C0D724D05BEE00111E62 /* ContactPicker.swift in Sources */,
				3C16C0C224D0521D00111E62 /* ImagePickerTest.xcdatamodeld in Sources */,
			);
			runOnlyForDeploymentPostprocessing = 0;
		};
/* End PBXSourcesBuildPhase section */

/* Begin PBXVariantGroup section */
		3C16C0CA24D0521F00111E62 /* LaunchScreen.storyboard */ = {
			isa = PBXVariantGroup;
			children = (
				3C16C0CB24D0521F00111E62 /* Base */,
			);
			name = LaunchScreen.storyboard;
			sourceTree = "<group>";
		};
/* End PBXVariantGroup section */

/* Begin XCBuildConfiguration section */
		3C16C0CE24D0521F00111E62 /* Debug */ = {
			isa = XCBuildConfiguration;
			buildSettings = {
				ALWAYS_SEARCH_USER_PATHS = NO;
				CLANG_ANALYZER_NONNULL = YES;
				CLANG_ANALYZER_NUMBER_OBJECT_CONVERSION = YES_AGGRESSIVE;
				CLANG_CXX_LANGUAGE_STANDARD = "gnu++14";
				CLANG_CXX_LIBRARY = "libc++";
				CLANG_ENABLE_MODULES = YES;
				CLANG_ENABLE_OBJC_ARC = YES;
				CLANG_ENABLE_OBJC_WEAK = YES;
				CLANG_WARN_BLOCK_CAPTURE_AUTORELEASING = YES;
				CLANG_WARN_BOOL_CONVERSION = YES;
				CLANG_WARN_COMMA = YES;
				CLANG_WARN_CONSTANT_CONVERSION = YES;
				CLANG_WARN_DEPRECATED_OBJC_IMPLEMENTATIONS = YES;
				CLANG_WARN_DIRECT_OBJC_ISA_USAGE = YES_ERROR;
				CLANG_WARN_DOCUMENTATION_COMMENTS = YES;
				CLANG_WARN_EMPTY_BODY = YES;
				CLANG_WARN_ENUM_CONVERSION = YES;
				CLANG_WARN_INFINITE_RECURSION = YES;
				CLANG_WARN_INT_CONVERSION = YES;
				CLANG_WARN_NON_LITERAL_NULL_CONVERSION = YES;
				CLANG_WARN_OBJC_IMPLICIT_RETAIN_SELF = YES;
				CLANG_WARN_OBJC_LITERAL_CONVERSION = YES;
				CLANG_WARN_OBJC_ROOT_CLASS = YES_ERROR;
				CLANG_WARN_RANGE_LOOP_ANALYSIS = YES;
				CLANG_WARN_STRICT_PROTOTYPES = YES;
				CLANG_WARN_SUSPICIOUS_MOVE = YES;
				CLANG_WARN_UNGUARDED_AVAILABILITY = YES_AGGRESSIVE;
				CLANG_WARN_UNREACHABLE_CODE = YES;
				CLANG_WARN__DUPLICATE_METHOD_MATCH = YES;
				COPY_PHASE_STRIP = NO;
				DEBUG_INFORMATION_FORMAT = dwarf;
				ENABLE_STRICT_OBJC_MSGSEND = YES;
				ENABLE_TESTABILITY = YES;
				GCC_C_LANGUAGE_STANDARD = gnu11;
				GCC_DYNAMIC_NO_PIC = NO;
				GCC_NO_COMMON_BLOCKS = YES;
				GCC_OPTIMIZATION_LEVEL = 0;
				GCC_PREPROCESSOR_DEFINITIONS = (
					"DEBUG=1",
					"$(inherited)",
				);
				GCC_WARN_64_TO_32_BIT_CONVERSION = YES;
				GCC_WARN_ABOUT_RETURN_TYPE = YES_ERROR;
				GCC_WARN_UNDECLARED_SELECTOR = YES;
				GCC_WARN_UNINITIALIZED_AUTOS = YES_AGGRESSIVE;
				GCC_WARN_UNUSED_FUNCTION = YES;
				GCC_WARN_UNUSED_VARIABLE = YES;
				IPHONEOS_DEPLOYMENT_TARGET = 13.5;
				MTL_ENABLE_DEBUG_INFO = INCLUDE_SOURCE;
				MTL_FAST_MATH = YES;
				ONLY_ACTIVE_ARCH = YES;
				SDKROOT = iphoneos;
				SWIFT_ACTIVE_COMPILATION_CONDITIONS = DEBUG;
				SWIFT_OPTIMIZATION_LEVEL = "-Onone";
			};
			name = Debug;
		};
		3C16C0CF24D0521F00111E62 /* Release */ = {
			isa = XCBuildConfiguration;
			buildSettings = {
				ALWAYS_SEARCH_USER_PATHS = NO;
				CLANG_ANALYZER_NONNULL = YES;
				CLANG_ANALYZER_NUMBER_OBJECT_CONVERSION = YES_AGGRESSIVE;
				CLANG_CXX_LANGUAGE_STANDARD = "gnu++14";
				CLANG_CXX_LIBRARY = "libc++";
				CLANG_ENABLE_MODULES = YES;
				CLANG_ENABLE_OBJC_ARC = YES;
				CLANG_ENABLE_OBJC_WEAK = YES;
				CLANG_WARN_BLOCK_CAPTURE_AUTORELEASING = YES;
				CLANG_WARN_BOOL_CONVERSION = YES;
				CLANG_WARN_COMMA = YES;
				CLANG_WARN_CONSTANT_CONVERSION = YES;
				CLANG_WARN_DEPRECATED_OBJC_IMPLEMENTATIONS = YES;
				CLANG_WARN_DIRECT_OBJC_ISA_USAGE = YES_ERROR;
				CLANG_WARN_DOCUMENTATION_COMMENTS = YES;
				CLANG_WARN_EMPTY_BODY = YES;
				CLANG_WARN_ENUM_CONVERSION = YES;
				CLANG_WARN_INFINITE_RECURSION = YES;
				CLANG_WARN_INT_CONVERSION = YES;
				CLANG_WARN_NON_LITERAL_NULL_CONVERSION = YES;
				CLANG_WARN_OBJC_IMPLICIT_RETAIN_SELF = YES;
				CLANG_WARN_OBJC_LITERAL_CONVERSION = YES;
				CLANG_WARN_OBJC_ROOT_CLASS = YES_ERROR;
				CLANG_WARN_RANGE_LOOP_ANALYSIS = YES;
				CLANG_WARN_STRICT_PROTOTYPES = YES;
				CLANG_WARN_SUSPICIOUS_MOVE = YES;
				CLANG_WARN_UNGUARDED_AVAILABILITY = YES_AGGRESSIVE;
				CLANG_WARN_UNREACHABLE_CODE = YES;
				CLANG_WARN__DUPLICATE_METHOD_MATCH = YES;
				COPY_PHASE_STRIP = NO;
				DEBUG_INFORMATION_FORMAT = "dwarf-with-dsym";
				ENABLE_NS_ASSERTIONS = NO;
				ENABLE_STRICT_OBJC_MSGSEND = YES;
				GCC_C_LANGUAGE_STANDARD = gnu11;
				GCC_NO_COMMON_BLOCKS = YES;
				GCC_WARN_64_TO_32_BIT_CONVERSION = YES;
				GCC_WARN_ABOUT_RETURN_TYPE = YES_ERROR;
				GCC_WARN_UNDECLARED_SELECTOR = YES;
				GCC_WARN_UNINITIALIZED_AUTOS = YES_AGGRESSIVE;
				GCC_WARN_UNUSED_FUNCTION = YES;
				GCC_WARN_UNUSED_VARIABLE = YES;
				IPHONEOS_DEPLOYMENT_TARGET = 13.5;
				MTL_ENABLE_DEBUG_INFO = NO;
				MTL_FAST_MATH = YES;
				SDKROOT = iphoneos;
				SWIFT_COMPILATION_MODE = wholemodule;
				SWIFT_OPTIMIZATION_LEVEL = "-O";
				VALIDATE_PRODUCT = YES;
			};
			name = Release;
		};
		3C16C0D124D0521F00111E62 /* Debug */ = {
			isa = XCBuildConfiguration;
			buildSettings = {
				ASSETCATALOG_COMPILER_APPICON_NAME = AppIcon;
				CODE_SIGN_STYLE = Automatic;
				DEVELOPMENT_ASSET_PATHS = "\"ImagePickerTest/Preview Content\"";
				DEVELOPMENT_TEAM = UUUTB6SGAH;
				ENABLE_PREVIEWS = YES;
				INFOPLIST_FILE = ImagePickerTest/Info.plist;
				LD_RUNPATH_SEARCH_PATHS = (
					"$(inherited)",
					"@executable_path/Frameworks",
				);
				PRODUCT_BUNDLE_IDENTIFIER = com.savendevelopersoffice.ImagePickerTest;
				PRODUCT_NAME = "$(TARGET_NAME)";
				SWIFT_VERSION = 5.0;
				TARGETED_DEVICE_FAMILY = "1,2";
			};
			name = Debug;
		};
		3C16C0D224D0521F00111E62 /* Release */ = {
			isa = XCBuildConfiguration;
			buildSettings = {
				ASSETCATALOG_COMPILER_APPICON_NAME = AppIcon;
				CODE_SIGN_STYLE = Automatic;
				DEVELOPMENT_ASSET_PATHS = "\"ImagePickerTest/Preview Content\"";
				DEVELOPMENT_TEAM = UUUTB6SGAH;
				ENABLE_PREVIEWS = YES;
				INFOPLIST_FILE = ImagePickerTest/Info.plist;
				LD_RUNPATH_SEARCH_PATHS = (
					"$(inherited)",
					"@executable_path/Frameworks",
				);
				PRODUCT_BUNDLE_IDENTIFIER = com.savendevelopersoffice.ImagePickerTest;
				PRODUCT_NAME = "$(TARGET_NAME)";
				SWIFT_VERSION = 5.0;
				TARGETED_DEVICE_FAMILY = "1,2";
			};
			name = Release;
		};
/* End XCBuildConfiguration section */

/* Begin XCConfigurationList section */
		3C16C0B424D0521D00111E62 /* Build configuration list for PBXProject "ImagePickerTest" */ = {
			isa = XCConfigurationList;
			buildConfigurations = (
				3C16C0CE24D0521F00111E62 /* Debug */,
				3C16C0CF24D0521F00111E62 /* Release */,
			);
			defaultConfigurationIsVisible = 0;
			defaultConfigurationName = Release;
		};
		3C16C0D024D0521F00111E62 /* Build configuration list for PBXNativeTarget "ImagePickerTest" */ = {
			isa = XCConfigurationList;
			buildConfigurations = (
				3C16C0D124D0521F00111E62 /* Debug */,
				3C16C0D224D0521F00111E62 /* Release */,
			);
			defaultConfigurationIsVisible = 0;
			defaultConfigurationName = Release;
		};
/* End XCConfigurationList section */

/* Begin XCVersionGroup section */
		3C16C0C024D0521D00111E62 /* ImagePickerTest.xcdatamodeld */ = {
			isa = XCVersionGroup;
			children = (
				3C16C0C124D0521D00111E62 /* ImagePickerTest.xcdatamodel */,
			);
			currentVersion = 3C16C0C124D0521D00111E62 /* ImagePickerTest.xcdatamodel */;
			path = ImagePickerTest.xcdatamodeld;
			sourceTree = "<group>";
			versionGroupType = wrapper.xcdatamodel;
		};
/* End XCVersionGroup section */
	};
	rootObject = 3C16C0B124D0521D00111E62 /* Project object */;
}
